{
  "name": "domain-classifier",
  "version": "1.0.0",
  "lockfileVersion": 2,
  "requires": true,
  "packages": {
    "": {
      "name": "domain-classifier",
      "version": "1.0.0",
      "license": "ISC",
      "dependencies": {
        "tld-extract": "^2.0.1",
        "tldextract": "^0.0.5"
      }
    },
    "node_modules/request": {
      "version": "2.2.9",
      "resolved": "https://registry.npmjs.org/request/-/request-2.2.9.tgz",
      "integrity": "sha1-77+K+/5/HiANSDuZdStsQrQEoPE=",
      "deprecated": "request has been deprecated, see https://github.com/request/request/issues/3142",
      "engines": [
        "node >= 0.3.6"
      ]
    },
    "node_modules/tld-extract": {
      "version": "2.0.1",
      "resolved": "https://registry.npmjs.org/tld-extract/-/tld-extract-2.0.1.tgz",
      "integrity": "sha512-rBxXLGshQa5vRHUJXZj3OBf4EFRDas2tlnlrj9CHAHIxfqnnbktuNDp7Jf6ajZ6Nf25VnhPqmP03v//nFNJVfA=="
    },
    "node_modules/tldextract": {
      "version": "0.0.5",
      "resolved": "https://registry.npmjs.org/tldextract/-/tldextract-0.0.5.tgz",
      "integrity": "sha1-3sZSTwt4iiRAf9o6yWiTP9gs5n8=",
      "dependencies": {
        "request": "2.2.9"
      },
      "engines": {
        "node": ">= 0.4.0"
      }
    }
  },
  "dependencies": {
    "request": {
      "version": "2.2.9",
      "resolved": "https://registry.npmjs.org/request/-/request-2.2.9.tgz",
      "integrity": "sha1-77+K+/5/HiANSDuZdStsQrQEoPE="
    },
    "tld-extract": {
      "version": "2.0.1",
      "resolved": "https://registry.npmjs.org/tld-extract/-/tld-extract-2.0.1.tgz",
      "integrity": "sha512-rBxXLGshQa5vRHUJXZj3OBf4EFRDas2tlnlrj9CHAHIxfqnnbktuNDp7Jf6ajZ6Nf25VnhPqmP03v//nFNJVfA=="
    },
    "tldextract": {
      "version": "0.0.5",
      "resolved": "https://registry.npmjs.org/tldextract/-/tldextract-0.0.5.tgz",
      "integrity": "sha1-3sZSTwt4iiRAf9o6yWiTP9gs5n8=",
      "requires": {
        "request": "2.2.9"
      }
    }
  }
}
